
Microsoft Visual Studio Solution File, Format Version 12.00
# Visual Studio 15
VisualStudioVersion = 15.0.28307.421
MinimumVisualStudioVersion = 10.0.40219.1
Project("{FAE04EC0-301F-11D3-BF4B-00C04F79EFBC}") = "IdentityDemo1", "IdentityDemo1\IdentityDemo1.csproj", "{C9B28523-E716-44E2-999C-DC287CA31DAE}"
EndProject
Global
	GlobalSection(SolutionConfigurationPlatforms) = preSolution
		Debug|Any CPU = Debug|Any CPU
		Release|Any CPU = Release|Any CPU
	EndGlobalSection
	GlobalSection(ProjectConfigurationPlatforms) = postSolution
		{C9B28523-E716-44E2-999C-DC287CA31DAE}.Debug|Any CPU.ActiveCfg = Debug|Any CPU
		{C9B28523-E716-44E2-999C-DC287CA31DAE}.Debug|Any CPU.Build.0 = Debug|Any CPU
		{C9B28523-E716-44E2-999C-DC287CA31DAE}.Release|Any CPU.ActiveCfg = Release|Any CPU
		{C9B28523-E716-44E2-999C-DC287CA31DAE}.Release|Any CPU.Build.0 = Release|Any CPU
	EndGlobalSection
	GlobalSection(SolutionProperties) = preSolution
		HideSolutionNode = FALSE
	EndGlobalSection
	GlobalSection(ExtensibilityGlobals) = postSolution
		SolutionGuid = {B203E2A2-29B7-4571-A09D-A1B4415B72DB}
	EndGlobalSection
EndGlobal
